PODS:
  - BugfenderSDK (1.6.5):
    - BugfenderSDK/Swift (= 1.6.5)
  - BugfenderSDK/Swift (1.6.5)
  - Flutter (1.0.0)
  - flutter_bugfender (0.0.6):
    - BugfenderSDK
    - Flutter

DEPENDENCIES:
  - Flutter (from `.symlinks/flutter/ios`)
  - flutter_bugfender (from `.symlinks/plugins/flutter_bugfender/ios`)

SPEC REPOS:
  https://github.com/cocoapods/specs.git:
    - BugfenderSDK

EXTERNAL SOURCES:
  Flutter:
    :path: ".symlinks/flutter/ios"
  flutter_bugfender:
    :path: ".symlinks/plugins/flutter_bugfender/ios"

SPEC CHECKSUMS:
  BugfenderSDK: d1eb2cf49ea39634393d7f6a1b201b687198dc46
  Flutter: 9d0fac939486c9aba2809b7982dfdbb47a7b0296
  flutter_bugfender: be7e6c9c979784bd7d1aa437e5cb02e4c72a49e1

PODFILE CHECKSUM: ebd43b443038e611b86ede96e613bd6033c49497

COCOAPODS: 1.5.3
